
Microsoft Visual Studio Solution File, Format Version 12.00
# Visual Studio Version 17
VisualStudioVersion = 17.8.34408.163
MinimumVisualStudioVersion = 10.0.40219.1
Project("{8BC9CEB8-8B4A-11D0-8D11-00A0C91BC942}") = "Lab_1", "Lab_1\Lab_1.vcxproj", "{B03F3C64-10B8-4579-A6FE-44FE032DADE2}"
EndProject
Project("{8BC9CEB8-8B4A-11D0-8D11-00A0C91BC942}") = "Lab_2", "Lab_2\Lab_2.vcxproj", "{95446AE2-45EC-4F0C-877B-65A8D1C27671}"
EndProject
Project("{8BC9CEB8-8B4A-11D0-8D11-00A0C91BC942}") = "Lab_3", "Lab_3\Lab_3.vcxproj", "{7F80D5EF-600B-4084-A7CD-F61443B223D0}"
EndProject
Project("{8BC9CEB8-8B4A-11D0-8D11-00A0C91BC942}") = "Lab_4", "Lab_4\Lab_4.vcxproj", "{3F2381D5-6688-40F7-9C78-6F91A3156548}"
EndProject
Global
	GlobalSection(SolutionConfigurationPlatforms) = preSolution
		Debug|x64 = Debug|x64
		Debug|x86 = Debug|x86
		Release|x64 = Release|x64
		Release|x86 = Release|x86
	EndGlobalSection
	GlobalSection(ProjectConfigurationPlatforms) = postSolution
		{B03F3C64-10B8-4579-A6FE-44FE032DADE2}.Debug|x64.ActiveCfg = Debug|x64
		{B03F3C64-10B8-4579-A6FE-44FE032DADE2}.Debug|x64.Build.0 = Debug|x64
		{B03F3C64-10B8-4579-A6FE-44FE032DADE2}.Debug|x86.ActiveCfg = Debug|Win32
		{B03F3C64-10B8-4579-A6FE-44FE032DADE2}.Debug|x86.Build.0 = Debug|Win32
		{B03F3C64-10B8-4579-A6FE-44FE032DADE2}.Release|x64.ActiveCfg = Release|x64
		{B03F3C64-10B8-4579-A6FE-44FE032DADE2}.Release|x64.Build.0 = Release|x64
		{B03F3C64-10B8-4579-A6FE-44FE032DADE2}.Release|x86.ActiveCfg = Release|Win32
		{B03F3C64-10B8-4579-A6FE-44FE032DADE2}.Release|x86.Build.0 = Release|Win32
		{95446AE2-45EC-4F0C-877B-65A8D1C27671}.Debug|x64.ActiveCfg = Debug|x64
		{95446AE2-45EC-4F0C-877B-65A8D1C27671}.Debug|x64.Build.0 = Debug|x64
		{95446AE2-45EC-4F0C-877B-65A8D1C27671}.Debug|x86.ActiveCfg = Debug|Win32
		{95446AE2-45EC-4F0C-877B-65A8D1C27671}.Debug|x86.Build.0 = Debug|Win32
		{95446AE2-45EC-4F0C-877B-65A8D1C27671}.Release|x64.ActiveCfg = Release|x64
		{95446AE2-45EC-4F0C-877B-65A8D1C27671}.Release|x64.Build.0 = Release|x64
		{95446AE2-45EC-4F0C-877B-65A8D1C27671}.Release|x86.ActiveCfg = Release|Win32
		{95446AE2-45EC-4F0C-877B-65A8D1C27671}.Release|x86.Build.0 = Release|Win32
		{7F80D5EF-600B-4084-A7CD-F61443B223D0}.Debug|x64.ActiveCfg = Debug|x64
		{7F80D5EF-600B-4084-A7CD-F61443B223D0}.Debug|x64.Build.0 = Debug|x64
		{7F80D5EF-600B-4084-A7CD-F61443B223D0}.Debug|x86.ActiveCfg = Debug|Win32
		{7F80D5EF-600B-4084-A7CD-F61443B223D0}.Debug|x86.Build.0 = Debug|Win32
		{7F80D5EF-600B-4084-A7CD-F61443B223D0}.Release|x64.ActiveCfg = Release|x64
		{7F80D5EF-600B-4084-A7CD-F61443B223D0}.Release|x64.Build.0 = Release|x64
		{7F80D5EF-600B-4084-A7CD-F61443B223D0}.Release|x86.ActiveCfg = Release|Win32
		{7F80D5EF-600B-4084-A7CD-F61443B223D0}.Release|x86.Build.0 = Release|Win32
		{3F2381D5-6688-40F7-9C78-6F91A3156548}.Debug|x64.ActiveCfg = Debug|x64
		{3F2381D5-6688-40F7-9C78-6F91A3156548}.Debug|x64.Build.0 = Debug|x64
		{3F2381D5-6688-40F7-9C78-6F91A3156548}.Debug|x86.ActiveCfg = Debug|Win32
		{3F2381D5-6688-40F7-9C78-6F91A3156548}.Debug|x86.Build.0 = Debug|Win32
		{3F2381D5-6688-40F7-9C78-6F91A3156548}.Release|x64.ActiveCfg = Release|x64
		{3F2381D5-6688-40F7-9C78-6F91A3156548}.Release|x64.Build.0 = Release|x64
		{3F2381D5-6688-40F7-9C78-6F91A3156548}.Release|x86.ActiveCfg = Release|Win32
		{3F2381D5-6688-40F7-9C78-6F91A3156548}.Release|x86.Build.0 = Release|Win32
	EndGlobalSection
	GlobalSection(SolutionProperties) = preSolution
		HideSolutionNode = FALSE
	EndGlobalSection
	GlobalSection(ExtensibilityGlobals) = postSolution
		SolutionGuid = {4868D4C3-F293-42D8-BD35-5FA728045CD5}
	EndGlobalSection
EndGlobal
